version: v2
locks:
  f/flows/sync_projects__flow+__flow_hash: 43880fca7fe17bdfd769d1aa70cf612b57c5efe3c57b58cb3fbe3945a1696dce
  f/flows/sync_projects__flow+inline_script_0.py: 3b82165e3cd63797cd941245456d95b04f7466a643e82e3a86078964cb15a2f9
  f/flows/sync_projects__flow+inline_script_1.py: ed55623937f016059919976f82d53b122936fffb517704fa6f8d8adb00d0e0fc
  f/flows/sync_projects__flow+inline_script_2.py: d52420194f5d3dd9adffb3c4f87e13550c77e47eef6bf684d146024868a1ae57
  f/flows/sync_projects__flow+inline_script_3.py: bc7ef2f4edea4000c5660c94a4659acf2401ff52c26a7156d4996fee17e5d0dc
  f/flows/sync_time_entries__flow+__flow_hash: bea9f75f464ad239595f76325de4d32624141f62107159f8576593872849dce9
  f/flows/sync_time_entries__flow+inline_script_0.py: 1141696a47d97582818b7f0621e36fc7df33653534be1c51f4b970cf67096c0b
  f/flows/sync_time_entries__flow+inline_script_1.py: 4f08c061e6d497aeb620c497ea3ebcba28570e4b2e0e3c67bdcdcb81192d3435
  f/flows/sync_time_entries__flow+inline_script_2.py: e3391580f5d0785b6816cb51023650829797d592bb685fa24d1478d066a15783
  f/flows/sync_time_entries__flow+inline_script_3.py: c93842e0b3544f15eb8798cdebf9fee511ccddb4524dd003b2eab308bce3efac
  f/flows/sync_time_entries__flow+inline_script_4.py: 227aa50f572d37cb49731579040cd32b253ebe7ff29724bc99d4f7defdfbedcb
  f/flows/sync_time_entries__flow+inline_script_5.py: 22c88eda9219b0761bfc020c2290b1acb5993367006b454fa28a4aa42b2a1ee6
  f/flows/sync_time_tracking__flow+__flow_hash: 068717e782e57939f41b65f537b06fafc9dddb039bc054f0a9561b17a14f23d4
  f/flows/sync_time_tracking__flow+inline_script_0.py: 3b82165e3cd63797cd941245456d95b04f7466a643e82e3a86078964cb15a2f9
  f/flows/sync_time_tracking__flow+inline_script_1.py: 76675e5ed42f52e4b77d5268e526af09842b1ccaf6dba614545f184829d3c04b
  f/flows/sync_time_tracking__flow+inline_script_2.py: f64a8514bb7304b2c12bdc149030a8ba83053850cb0953afb23636dc3de9a7c5
  f/flows/sync_time_tracking__flow+inline_script_3.py: 462f41dd877db5b92f566b258eb58e16659cb84a0fc2d5d036af8efca1631e5f
  f/flows/sync_time_tracking__flow+inline_script_4.py: 9c0a3f17443b04f42eeb1f37bd06709ca82c234532c5f01e844152afb7089358
  f/flows/sync_work_packages__flow+__flow_hash: 5e70a97a4ab1d8e6ab4bbd772b4cf3d1755a0f64bcd3505ba3fd72113f32ce77
  f/flows/sync_work_packages__flow+inline_script_0.py: 1b3b5433060bdf6978746793da895ba8a97a8dea23d6964c11e02e8af470c328
  f/flows/sync_work_packages__flow+inline_script_1.py: bb5056c0c2c530543183f58756ad47b3377e5dca88702de4c31e4c8fa390342e
  f/flows/sync_work_packages__flow+inline_script_2.py: dccf9303a041da3051d66e447b1f3e3f0a34016531dedf467b96a179ee498dcc
  f/flows/sync_work_packages__flow+inline_script_3.py: dd5ccfd83315ea4bd35edabab949262d5b53866025cb84979c7e36308a8ff5a1
  u/admin/get_existing_projects: 63ba3c4073333851b4d28d505228f9e9413e95e2411ab67a2ca10df11f286871
  u/admin/get_existing_time_entries: c04d345eda7e7ba623cd4f0a8ac551bbb9fdbec4f895bd466b87996c7b3443e6
  u/admin/get_existing_work_packages: 5c1358c054c5dab1f92d5ea63bf338c7a70d3530026b823514da6404f18bc711
  u/admin/get_project: 039ca87cabd79faf8f7f90d4d97ff82f230bc7777d74d4964a5839e60426c074
  u/admin/get_work_package: f1c5f88a6003eb32eb02db6b52ecfd7bf75fa92c93883c54230aae3dbb10c956
  u/admin/sync_projects__flow+__flow_hash: 138bd41be5ad47d9cca7f5f9a079fa5d15fd9d14d89a1d4e4f46ff9d22f695e3
  u/admin/sync_projects__flow+inline_script_0.py: 3b82165e3cd63797cd941245456d95b04f7466a643e82e3a86078964cb15a2f9
  u/admin/sync_projects__flow+inline_script_1.py: ed55623937f016059919976f82d53b122936fffb517704fa6f8d8adb00d0e0fc
  u/admin/sync_projects__flow+inline_script_2.py: 76675e5ed42f52e4b77d5268e526af09842b1ccaf6dba614545f184829d3c04b
  u/admin/sync_projects__flow+inline_script_3.py: bc7ef2f4edea4000c5660c94a4659acf2401ff52c26a7156d4996fee17e5d0dc
  u/admin/synchronize_time_entries: a2542fbff9751128b627df8d2896812265695114d7103d2cbe2a62787e8aacfd
  u/admin/synchronize_work_packages: 90b0f901ad52ca5b2c8981cd266bb5e9aa311ba3f48383c6790cb9cddf49f6a1
  u/admin/syncronize_projects: 51ebe5137c98b80c2248ef604f992c0a6752eabed88c5925331efe5878c684eb
