version: v2
locks:
  f/flows/sync_time_entries__flow+__flow_hash: c0b7294a65ac6e17065ea9558e2ac013c02535d026e3e17a07ce2d85ed60c1e3
  f/flows/sync_time_entries__flow+inline_script_0.py: 966d1b8b2d71f82513af8129d0f9ea1ac880b5d152768ab4142ae93b92eec8af
  f/flows/sync_time_entries__flow+inline_script_1.py: ce2a09507f56405202e7da5712b105e7012aa9c9cc4e58213afd3a3fd8ca34a8
  f/flows/sync_time_entries__flow+inline_script_2.py: a5d3f5b7fcb953c4f8d0a22d8ffc248f17f68354eba9caaf9ccf14847b0c26c6
  f/flows/sync_time_entries__flow+inline_script_3.py: 462f41dd877db5b92f566b258eb58e16659cb84a0fc2d5d036af8efca1631e5f
  f/flows/sync_time_entries__flow+inline_script_4.py: dd5ccfd83315ea4bd35edabab949262d5b53866025cb84979c7e36308a8ff5a1
  f/flows/sync_time_tracking__flow+__flow_hash: 068717e782e57939f41b65f537b06fafc9dddb039bc054f0a9561b17a14f23d4
  f/flows/sync_time_tracking__flow+inline_script_0.py: 3b82165e3cd63797cd941245456d95b04f7466a643e82e3a86078964cb15a2f9
  f/flows/sync_time_tracking__flow+inline_script_1.py: 76675e5ed42f52e4b77d5268e526af09842b1ccaf6dba614545f184829d3c04b
  f/flows/sync_time_tracking__flow+inline_script_2.py: f64a8514bb7304b2c12bdc149030a8ba83053850cb0953afb23636dc3de9a7c5
  f/flows/sync_time_tracking__flow+inline_script_3.py: 462f41dd877db5b92f566b258eb58e16659cb84a0fc2d5d036af8efca1631e5f
  f/flows/sync_time_tracking__flow+inline_script_4.py: 9c0a3f17443b04f42eeb1f37bd06709ca82c234532c5f01e844152afb7089358
  f/flows/sync_work_packages__flow+__flow_hash: 3dc3890c2a2754971c7168c9be312c1ca9e508cf373115019f0d3e4170a43fb1
  f/flows/sync_work_packages__flow+inline_script_0.py: 3b82165e3cd63797cd941245456d95b04f7466a643e82e3a86078964cb15a2f9
  f/flows/sync_work_packages__flow+inline_script_1.py: 76675e5ed42f52e4b77d5268e526af09842b1ccaf6dba614545f184829d3c04b
  f/flows/sync_work_packages__flow+inline_script_2.py: f64a8514bb7304b2c12bdc149030a8ba83053850cb0953afb23636dc3de9a7c5
  f/flows/sync_work_packages__flow+inline_script_3.py: 462f41dd877db5b92f566b258eb58e16659cb84a0fc2d5d036af8efca1631e5f
  f/flows/sync_work_packages__flow+inline_script_4.py: dd5ccfd83315ea4bd35edabab949262d5b53866025cb84979c7e36308a8ff5a1
